// !$*UTF8*$!
{
	archiveVersion = 1;
	classes = {
	};
	objectVersion = 50;
	objects = {

/* Begin PBXBuildFile section */
		4C73658720E0378300A50631 /* MyList.h in Headers */ = {isa = PBXBuildFile; fileRef = 4C73658520E0378300A50631 /* MyList.h */; };
		4C73658820E0378300A50631 /* MyList.m in Sources */ = {isa = PBXBuildFile; fileRef = 4C73658620E0378300A50631 /* MyList.m */; };
		4CC412FA20DE95E400F86CFD /* UIKit.framework in Frameworks */ = {isa = PBXBuildFile; fileRef = 4CC412F920DE95E400F86CFD /* UIKit.framework */; };
		4CC412FC20DE95E400F86CFD /* Foundation.framework in Frameworks */ = {isa = PBXBuildFile; fileRef = 4CC412FB20DE95E400F86CFD /* Foundation.framework */; };
		4CC412FE20DE95E400F86CFD /* CydiaSubstrate.framework in Frameworks */ = {isa = PBXBuildFile; fileRef = 4CC412FD20DE95E400F86CFD /* CydiaSubstrate.framework */; };
		4CC4130720DE95E400F86CFD /* SnapCheck.mm in Sources */ = {isa = PBXBuildFile; fileRef = 4CC4130620DE95E400F86CFD /* SnapCheck.mm */; };
		4CD5DDA520E12D7600EA215A /* Chats.h in Headers */ = {isa = PBXBuildFile; fileRef = 4CD5DDA320E12D7600EA215A /* Chats.h */; };
		4CD5DDA620E12D7600EA215A /* Chats.m in Sources */ = {isa = PBXBuildFile; fileRef = 4CD5DDA420E12D7600EA215A /* Chats.m */; };
		BCA30CC05DACCC9484E31AC2 /* libPods-SnapCheck.a in Frameworks */ = {isa = PBXBuildFile; fileRef = F986E292ADFED4370EEE1C26 /* libPods-SnapCheck.a */; };
/* End PBXBuildFile section */

/* Begin PBXFileReference section */
		30BA88A389D5AD229C30BE6A /* Pods-SnapCheck.release.xcconfig */ = {isa = PBXFileReference; includeInIndex = 1; lastKnownFileType = text.xcconfig; name = "Pods-SnapCheck.release.xcconfig"; path = "Pods/Target Support Files/Pods-SnapCheck/Pods-SnapCheck.release.xcconfig"; sourceTree = "<group>"; };
		4C73658520E0378300A50631 /* MyList.h */ = {isa = PBXFileReference; lastKnownFileType = sourcecode.c.h; path = MyList.h; sourceTree = "<group>"; };
		4C73658620E0378300A50631 /* MyList.m */ = {isa = PBXFileReference; lastKnownFileType = sourcecode.c.objc; path = MyList.m; sourceTree = "<group>"; };
		4CC412F620DE95E400F86CFD /* SnapCheck.dylib */ = {isa = PBXFileReference; explicitFileType = "compiled.mach-o.dylib"; includeInIndex = 0; path = SnapCheck.dylib; sourceTree = BUILT_PRODUCTS_DIR; };
		4CC412F920DE95E400F86CFD /* UIKit.framework */ = {isa = PBXFileReference; lastKnownFileType = wrapper.framework; name = UIKit.framework; path = System/Library/Frameworks/UIKit.framework; sourceTree = SDKROOT; };
		4CC412FB20DE95E400F86CFD /* Foundation.framework */ = {isa = PBXFileReference; lastKnownFileType = wrapper.framework; name = Foundation.framework; path = System/Library/Frameworks/Foundation.framework; sourceTree = SDKROOT; };
		4CC412FD20DE95E400F86CFD /* CydiaSubstrate.framework */ = {isa = PBXFileReference; lastKnownFileType = wrapper.framework; name = CydiaSubstrate.framework; path = Library/Frameworks/CydiaSubstrate.framework; sourceTree = DEVELOPER_DIR; };
		4CC4130220DE95E400F86CFD /* control */ = {isa = PBXFileReference; lastKnownFileType = text; name = control; path = Package/DEBIAN/control; sourceTree = "<group>"; };
		4CC4130420DE95E400F86CFD /* SnapCheck-Prefix.pch */ = {isa = PBXFileReference; lastKnownFileType = sourcecode.c.h; path = "SnapCheck-Prefix.pch"; sourceTree = "<group>"; };
		4CC4130520DE95E400F86CFD /* SnapCheck.xm */ = {isa = PBXFileReference; lastKnownFileType = text; path = SnapCheck.xm; sourceTree = "<group>"; xcLanguageSpecificationIdentifier = xcode.lang.objc; };
		4CC4130620DE95E400F86CFD /* SnapCheck.mm */ = {isa = PBXFileReference; lastKnownFileType = sourcecode.cpp.objcpp; path = SnapCheck.mm; sourceTree = "<group>"; };
		4CC4130B20DE95E400F86CFD /* SnapCheck.plist */ = {isa = PBXFileReference; lastKnownFileType = text.plist.xml; name = SnapCheck.plist; path = Package/Library/MobileSubstrate/DynamicLibraries/SnapCheck.plist; sourceTree = "<group>"; };
		4CD5DDA320E12D7600EA215A /* Chats.h */ = {isa = PBXFileReference; lastKnownFileType = sourcecode.c.h; path = Chats.h; sourceTree = "<group>"; };
		4CD5DDA420E12D7600EA215A /* Chats.m */ = {isa = PBXFileReference; lastKnownFileType = sourcecode.c.objc; path = Chats.m; sourceTree = "<group>"; };
		4CD5DDA720E137BA00EA215A /* PreferenceBundles */ = {isa = PBXFileReference; lastKnownFileType = folder; name = PreferenceBundles; path = Package/Library/PreferenceBundles; sourceTree = "<group>"; };
		951460BD31B9393E5BA86F54 /* Pods-SnapCheck.debug.xcconfig */ = {isa = PBXFileReference; includeInIndex = 1; lastKnownFileType = text.xcconfig; name = "Pods-SnapCheck.debug.xcconfig"; path = "Pods/Target Support Files/Pods-SnapCheck/Pods-SnapCheck.debug.xcconfig"; sourceTree = "<group>"; };
		F986E292ADFED4370EEE1C26 /* libPods-SnapCheck.a */ = {isa = PBXFileReference; explicitFileType = archive.ar; includeInIndex = 0; path = "libPods-SnapCheck.a"; sourceTree = BUILT_PRODUCTS_DIR; };
/* End PBXFileReference section */

/* Begin PBXFrameworksBuildPhase section */
		4CC412F220DE95E400F86CFD /* Frameworks */ = {
			isa = PBXFrameworksBuildPhase;
			buildActionMask = 2147483647;
			files = (
				4CC412FA20DE95E400F86CFD /* UIKit.framework in Frameworks */,
				4CC412FC20DE95E400F86CFD /* Foundation.framework in Frameworks */,
				4CC412FE20DE95E400F86CFD /* CydiaSubstrate.framework in Frameworks */,
				BCA30CC05DACCC9484E31AC2 /* libPods-SnapCheck.a in Frameworks */,
			);
			runOnlyForDeploymentPostprocessing = 0;
		};
/* End PBXFrameworksBuildPhase section */

/* Begin PBXGroup section */
		4CC412EB20DE95E400F86CFD = {
			isa = PBXGroup;
			children = (
				4CC412FF20DE95E400F86CFD /* SnapCheck */,
				4CC412F820DE95E400F86CFD /* Frameworks */,
				4CC412F720DE95E400F86CFD /* Products */,
				87F6FB60B2AD22DAD8BC3008 /* Pods */,
			);
			sourceTree = "<group>";
		};
		4CC412F720DE95E400F86CFD /* Products */ = {
			isa = PBXGroup;
			children = (
				4CC412F620DE95E400F86CFD /* SnapCheck.dylib */,
			);
			name = Products;
			sourceTree = "<group>";
		};
		4CC412F820DE95E400F86CFD /* Frameworks */ = {
			isa = PBXGroup;
			children = (
				4CC412F920DE95E400F86CFD /* UIKit.framework */,
				4CC412FB20DE95E400F86CFD /* Foundation.framework */,
				4CC412FD20DE95E400F86CFD /* CydiaSubstrate.framework */,
				F986E292ADFED4370EEE1C26 /* libPods-SnapCheck.a */,
			);
			name = Frameworks;
			sourceTree = "<group>";
		};
		4CC412FF20DE95E400F86CFD /* SnapCheck */ = {
			isa = PBXGroup;
			children = (
				4CC4130520DE95E400F86CFD /* SnapCheck.xm */,
				4C73658520E0378300A50631 /* MyList.h */,
				4C73658620E0378300A50631 /* MyList.m */,
				4CC4130620DE95E400F86CFD /* SnapCheck.mm */,
				4CD5DDA320E12D7600EA215A /* Chats.h */,
				4CD5DDA420E12D7600EA215A /* Chats.m */,
				4CC4130020DE95E400F86CFD /* Package */,
				4CC4130320DE95E400F86CFD /* Supporting Files */,
			);
			path = SnapCheck;
			sourceTree = "<group>";
		};
		4CC4130020DE95E400F86CFD /* Package */ = {
			isa = PBXGroup;
			children = (
				4CC4130120DE95E400F86CFD /* DEBIAN */,
				4CC4130820DE95E400F86CFD /* Library */,
			);
			name = Package;
			sourceTree = "<group>";
		};
		4CC4130120DE95E400F86CFD /* DEBIAN */ = {
			isa = PBXGroup;
			children = (
				4CC4130220DE95E400F86CFD /* control */,
			);
			name = DEBIAN;
			sourceTree = "<group>";
		};
		4CC4130320DE95E400F86CFD /* Supporting Files */ = {
			isa = PBXGroup;
			children = (
				4CC4130420DE95E400F86CFD /* SnapCheck-Prefix.pch */,
			);
			name = "Supporting Files";
			sourceTree = "<group>";
		};
		4CC4130820DE95E400F86CFD /* Library */ = {
			isa = PBXGroup;
			children = (
				4CD5DDA720E137BA00EA215A /* PreferenceBundles */,
				4CC4130920DE95E400F86CFD /* MobileSubstrate */,
			);
			name = Library;
			sourceTree = "<group>";
		};
		4CC4130920DE95E400F86CFD /* MobileSubstrate */ = {
			isa = PBXGroup;
			children = (
				4CC4130A20DE95E400F86CFD /* DynamicLibraries */,
			);
			name = MobileSubstrate;
			sourceTree = "<group>";
		};
		4CC4130A20DE95E400F86CFD /* DynamicLibraries */ = {
			isa = PBXGroup;
			children = (
				4CC4130B20DE95E400F86CFD /* SnapCheck.plist */,
			);
			name = DynamicLibraries;
			sourceTree = "<group>";
		};
		87F6FB60B2AD22DAD8BC3008 /* Pods */ = {
			isa = PBXGroup;
			children = (
				30BA88A389D5AD229C30BE6A /* Pods-SnapCheck.release.xcconfig */,
				951460BD31B9393E5BA86F54 /* Pods-SnapCheck.debug.xcconfig */,
			);
			name = Pods;
			sourceTree = "<group>";
		};
/* End PBXGroup section */

/* Begin PBXHeadersBuildPhase section */
		4CC412F320DE95E400F86CFD /* Headers */ = {
			isa = PBXHeadersBuildPhase;
			buildActionMask = 2147483647;
			files = (
				4CD5DDA520E12D7600EA215A /* Chats.h in Headers */,
				4C73658720E0378300A50631 /* MyList.h in Headers */,
			);
			runOnlyForDeploymentPostprocessing = 0;
		};
/* End PBXHeadersBuildPhase section */

/* Begin PBXNativeTarget section */
		4CC412F520DE95E400F86CFD /* SnapCheck */ = {
			isa = PBXNativeTarget;
			buildConfigurationList = 4CC4130E20DE95E400F86CFD /* Build configuration list for PBXNativeTarget "SnapCheck" */;
			buildPhases = (
				6C95FF78A67681FC1FD168F2 /* [CP] Check Pods Manifest.lock */,
				4CC412F020DE95E400F86CFD /* ShellScript */,
				4CC412F120DE95E400F86CFD /* Sources */,
				4CC412F220DE95E400F86CFD /* Frameworks */,
				4CC412F320DE95E400F86CFD /* Headers */,
				4CC412F420DE95E400F86CFD /* ShellScript */,
			);
			buildRules = (
			);
			dependencies = (
			);
			name = SnapCheck;
			productName = SnapCheck;
			productReference = 4CC412F620DE95E400F86CFD /* SnapCheck.dylib */;
			productType = "com.apple.product-type.library.dynamic";
		};
/* End PBXNativeTarget section */

/* Begin PBXProject section */
		4CC412EC20DE95E400F86CFD /* Project object */ = {
			isa = PBXProject;
			attributes = {
				KnownAssetTags = (
					New,
				);
				LastUpgradeCheck = 0940;
				TargetAttributes = {
					4CC412F520DE95E400F86CFD = {
						CreatedOnToolsVersion = 9.4;
					};
				};
			};
			buildConfigurationList = 4CC412EF20DE95E400F86CFD /* Build configuration list for PBXProject "SnapCheck" */;
			compatibilityVersion = "Xcode 9.3";
			developmentRegion = en;
			hasScannedForEncodings = 0;
			knownRegions = (
				en,
			);
			mainGroup = 4CC412EB20DE95E400F86CFD;
			productRefGroup = 4CC412F720DE95E400F86CFD /* Products */;
			projectDirPath = "";
			projectRoot = "";
			targets = (
				4CC412F520DE95E400F86CFD /* SnapCheck */,
			);
		};
/* End PBXProject section */

/* Begin PBXShellScriptBuildPhase section */
		4CC412F020DE95E400F86CFD /* ShellScript */ = {
			isa = PBXShellScriptBuildPhase;
			buildActionMask = 2147483647;
			files = (
			);
			inputPaths = (
			);
			outputPaths = (
			);
			runOnlyForDeploymentPostprocessing = 0;
			shellPath = /bin/sh;
			shellScript = "/opt/MonkeyDev/bin/md --xcbp-logos";
		};
		4CC412F420DE95E400F86CFD /* ShellScript */ = {
			isa = PBXShellScriptBuildPhase;
			buildActionMask = 2147483647;
			files = (
			);
			inputPaths = (
			);
			outputPaths = (
			);
			runOnlyForDeploymentPostprocessing = 0;
			shellPath = /bin/sh;
			shellScript = "/opt/MonkeyDev/bin/md --xcbp";
		};
		6C95FF78A67681FC1FD168F2 /* [CP] Check Pods Manifest.lock */ = {
			isa = PBXShellScriptBuildPhase;
			buildActionMask = 2147483647;
			files = (
			);
			inputPaths = (
				"${PODS_PODFILE_DIR_PATH}/Podfile.lock",
				"${PODS_ROOT}/Manifest.lock",
			);
			name = "[CP] Check Pods Manifest.lock";
			outputPaths = (
				"$(DERIVED_FILE_DIR)/Pods-SnapCheck-checkManifestLockResult.txt",
			);
			runOnlyForDeploymentPostprocessing = 0;
			shellPath = /bin/sh;
			shellScript = "diff \"${PODS_PODFILE_DIR_PATH}/Podfile.lock\" \"${PODS_ROOT}/Manifest.lock\" > /dev/null\nif [ $? != 0 ] ; then\n    # print error to STDERR\n    echo \"error: The sandbox is not in sync with the Podfile.lock. Run 'pod install' or update your CocoaPods installation.\" >&2\n    exit 1\nfi\n# This output is used by Xcode 'outputs' to avoid re-running this script phase.\necho \"SUCCESS\" > \"${SCRIPT_OUTPUT_FILE_0}\"\n";
			showEnvVarsInLog = 0;
		};
/* End PBXShellScriptBuildPhase section */

/* Begin PBXSourcesBuildPhase section */
		4CC412F120DE95E400F86CFD /* Sources */ = {
			isa = PBXSourcesBuildPhase;
			buildActionMask = 2147483647;
			files = (
				4CD5DDA620E12D7600EA215A /* Chats.m in Sources */,
				4CC4130720DE95E400F86CFD /* SnapCheck.mm in Sources */,
				4C73658820E0378300A50631 /* MyList.m in Sources */,
			);
			runOnlyForDeploymentPostprocessing = 0;
		};
/* End PBXSourcesBuildPhase section */

/* Begin XCBuildConfiguration section */
		4CC4130C20DE95E400F86CFD /* Release */ = {
			isa = XCBuildConfiguration;
			buildSettings = {
				CODE_SIGN_IDENTITY = "iPhone Developer";
				COPY_PHASE_STRIP = YES;
				EXCLUDED_RECURSIVE_SEARCH_PATH_SUBDIRECTORIES = "*.nib *.lproj *.gch (*) .DS_Store CVS .svn .git .hg *.xcodeproj *.xcode *.pbproj *.pbxproj";
				FRAMEWORK_SEARCH_PATHS = (
					"$(MonkeyDevPath)/frameworks/**",
					"$(MonkeyDevTheosPath)/vendor/lib",
				);
				GCC_C_LANGUAGE_STANDARD = gnu99;
				GCC_WARN_ABOUT_MISSING_PROTOTYPES = YES;
				GCC_WARN_ABOUT_RETURN_TYPE = YES;
				GCC_WARN_UNUSED_VARIABLE = YES;
				HEADER_SEARCH_PATHS = "$(MonkeyDevTheosPath)/vendor/include/**";
				IPHONEOS_DEPLOYMENT_TARGET = 10.2;
				LIBRARY_SEARCH_PATHS = "$(MonkeyDevTheosPath)/vendor/lib/**";
				MonkeyDevPath = /opt/MonkeyDev;
				MonkeyDevTheosPath = /opt/theos;
				OTHER_CFLAGS = "-DTHEOS_INSTANCE_NAME=\"\\\"SnapCheck\\\"\"";
				SDKROOT = iphoneos;
				TARGETED_DEVICE_FAMILY = "1,2";
				VALIDATE_PRODUCT = YES;
			};
			name = Release;
		};
		4CC4130D20DE95E400F86CFD /* Debug */ = {
			isa = XCBuildConfiguration;
			buildSettings = {
				CODE_SIGN_IDENTITY = "iPhone Developer";
				COPY_PHASE_STRIP = NO;
				EXCLUDED_RECURSIVE_SEARCH_PATH_SUBDIRECTORIES = "*.nib *.lproj *.gch (*) .DS_Store CVS .svn .git .hg *.xcodeproj *.xcode *.pbproj *.pbxproj";
				FRAMEWORK_SEARCH_PATHS = (
					"$(MonkeyDevPath)/frameworks/**",
					"$(MonkeyDevTheosPath)/vendor/lib",
				);
				GCC_C_LANGUAGE_STANDARD = gnu99;
				GCC_DYNAMIC_NO_PIC = NO;
				GCC_OPTIMIZATION_LEVEL = 0;
				GCC_PREPROCESSOR_DEFINITIONS = (
					"DEBUG=1",
					"$(inherited)",
				);
				GCC_SYMBOLS_PRIVATE_EXTERN = NO;
				GCC_WARN_ABOUT_MISSING_PROTOTYPES = YES;
				GCC_WARN_ABOUT_RETURN_TYPE = YES;
				GCC_WARN_UNUSED_VARIABLE = YES;
				HEADER_SEARCH_PATHS = "$(MonkeyDevTheosPath)/vendor/include/**";
				IPHONEOS_DEPLOYMENT_TARGET = 10.2;
				LIBRARY_SEARCH_PATHS = "$(MonkeyDevTheosPath)/vendor/lib/**";
				MonkeyDevPath = /opt/MonkeyDev;
				MonkeyDevTheosPath = /opt/theos;
				ONLY_ACTIVE_ARCH = YES;
				OTHER_CFLAGS = "-DTHEOS_INSTANCE_NAME=\"\\\"SnapCheck\\\"\"";
				SDKROOT = iphoneos;
				TARGETED_DEVICE_FAMILY = "1,2";
				VALIDATE_PRODUCT = NO;
			};
			name = Debug;
		};
		4CC4130F20DE95E400F86CFD /* Release */ = {
			isa = XCBuildConfiguration;
			baseConfigurationReference = 30BA88A389D5AD229C30BE6A /* Pods-SnapCheck.release.xcconfig */;
			buildSettings = {
				CLANG_ENABLE_OBJC_ARC = YES;
				CODE_SIGN_IDENTITY = "";
				CODE_SIGN_STYLE = Automatic;
				DYLIB_COMPATIBILITY_VERSION = 1;
				DYLIB_CURRENT_VERSION = 1;
				GCC_PRECOMPILE_PREFIX_HEADER = YES;
				GCC_PREFIX_HEADER = "SnapCheck/SnapCheck-Prefix.pch";
				INSTALL_PATH = /Library/MobileSubstrate/DynamicLibraries;
				MonkeyDevBuildPackageOnAnyBuild = NO;
				MonkeyDevClearUiCacheOnInstall = NO;
				MonkeyDevCopyOnBuild = NO;
				MonkeyDevDeviceIP = 192.168.8.105;
				MonkeyDevDevicePassword = 0;
				MonkeyDevDevicePort = "";
				MonkeyDevInstallOnAnyBuild = YES;
				MonkeyDevInstallOnProfiling = YES;
				PRODUCT_NAME = "$(TARGET_NAME)";
				TARGETED_DEVICE_FAMILY = "1,2";
			};
			name = Release;
		};
		4CC4131020DE95E400F86CFD /* Debug */ = {
			isa = XCBuildConfiguration;
			baseConfigurationReference = 951460BD31B9393E5BA86F54 /* Pods-SnapCheck.debug.xcconfig */;
			buildSettings = {
				CLANG_ENABLE_OBJC_ARC = YES;
				CODE_SIGN_IDENTITY = "";
				CODE_SIGN_STYLE = Automatic;
				DYLIB_COMPATIBILITY_VERSION = 1;
				DYLIB_CURRENT_VERSION = 1;
				GCC_PRECOMPILE_PREFIX_HEADER = YES;
				GCC_PREFIX_HEADER = "SnapCheck/SnapCheck-Prefix.pch";
				INSTALL_PATH = /Library/MobileSubstrate/DynamicLibraries;
				MonkeyDevBuildPackageOnAnyBuild = NO;
				MonkeyDevClearUiCacheOnInstall = NO;
				MonkeyDevCopyOnBuild = NO;
				MonkeyDevDeviceIP = 192.168.8.105;
				MonkeyDevDevicePassword = 0;
				MonkeyDevDevicePort = "";
				MonkeyDevInstallOnAnyBuild = YES;
				MonkeyDevInstallOnProfiling = YES;
				PRODUCT_NAME = "$(TARGET_NAME)";
				TARGETED_DEVICE_FAMILY = "1,2";
			};
			name = Debug;
		};
/* End XCBuildConfiguration section */

/* Begin XCConfigurationList section */
		4CC412EF20DE95E400F86CFD /* Build configuration list for PBXProject "SnapCheck" */ = {
			isa = XCConfigurationList;
			buildConfigurations = (
				4CC4130C20DE95E400F86CFD /* Release */,
				4CC4130D20DE95E400F86CFD /* Debug */,
			);
			defaultConfigurationIsVisible = 0;
			defaultConfigurationName = Release;
		};
		4CC4130E20DE95E400F86CFD /* Build configuration list for PBXNativeTarget "SnapCheck" */ = {
			isa = XCConfigurationList;
			buildConfigurations = (
				4CC4130F20DE95E400F86CFD /* Release */,
				4CC4131020DE95E400F86CFD /* Debug */,
			);
			defaultConfigurationIsVisible = 0;
			defaultConfigurationName = Release;
		};
/* End XCConfigurationList section */
	};
	rootObject = 4CC412EC20DE95E400F86CFD /* Project object */;
}
